
Microsoft Visual Studio Solution File, Format Version 12.00
# Visual Studio 15
VisualStudioVersion = 15.0.27703.2035
MinimumVisualStudioVersion = 10.0.40219.1
Project("{9A19103F-16F7-4668-BE54-9A1E7A4F7556}") = "ASP_Angular_2_SPA", "ASP_Angular_2_SPA\ASP_Angular_2_SPA.csproj", "{19957C87-1FF0-45FF-A779-858E9F0A0FA7}"
EndProject
Project("{FAE04EC0-301F-11D3-BF4B-00C04F79EFBC}") = "XUnitTestProject", "XUnitTestProject\XUnitTestProject.csproj", "{AB357B53-3BDC-4488-BF31-91951429F5F6}"
EndProject
Global
	GlobalSection(SolutionConfigurationPlatforms) = preSolution
		Debug|Any CPU = Debug|Any CPU
		Release|Any CPU = Release|Any CPU
	EndGlobalSection
	GlobalSection(ProjectConfigurationPlatforms) = postSolution
		{19957C87-1FF0-45FF-A779-858E9F0A0FA7}.Debug|Any CPU.ActiveCfg = Debug|Any CPU
		{19957C87-1FF0-45FF-A779-858E9F0A0FA7}.Debug|Any CPU.Build.0 = Debug|Any CPU
		{19957C87-1FF0-45FF-A779-858E9F0A0FA7}.Release|Any CPU.ActiveCfg = Release|Any CPU
		{19957C87-1FF0-45FF-A779-858E9F0A0FA7}.Release|Any CPU.Build.0 = Release|Any CPU
		{AB357B53-3BDC-4488-BF31-91951429F5F6}.Debug|Any CPU.ActiveCfg = Debug|Any CPU
		{AB357B53-3BDC-4488-BF31-91951429F5F6}.Debug|Any CPU.Build.0 = Debug|Any CPU
		{AB357B53-3BDC-4488-BF31-91951429F5F6}.Release|Any CPU.ActiveCfg = Release|Any CPU
		{AB357B53-3BDC-4488-BF31-91951429F5F6}.Release|Any CPU.Build.0 = Release|Any CPU
	EndGlobalSection
	GlobalSection(SolutionProperties) = preSolution
		HideSolutionNode = FALSE
	EndGlobalSection
	GlobalSection(ExtensibilityGlobals) = postSolution
		SolutionGuid = {E7D0420E-904B-4EE1-91BE-74BDB2EC13E5}
	EndGlobalSection
EndGlobal
